// !$*UTF8*$!
{
	archiveVersion = 1;
	classes = {
	};
	objectVersion = 45;
	objects = {

/* Begin PBXBuildFile section */
		1D3623260D0F684500981E51 /* MapExperimentAppDelegate.m in Sources */ = {isa = PBXBuildFile; fileRef = 1D3623250D0F684500981E51 /* MapExperimentAppDelegate.m */; };
		1D60589B0D05DD56006BFB54 /* main.m in Sources */ = {isa = PBXBuildFile; fileRef = 29B97316FDCFA39411CA2CEA /* main.m */; };
		1D60589F0D05DD5A006BFB54 /* Foundation.framework in Frameworks */ = {isa = PBXBuildFile; fileRef = 1D30AB110D05D00D00671497 /* Foundation.framework */; };
		1DF5F4E00D08C38300B7A737 /* UIKit.framework in Frameworks */ = {isa = PBXBuildFile; fileRef = 1DF5F4DF0D08C38300B7A737 /* UIKit.framework */; };
		288765FD0DF74451002DB57D /* CoreGraphics.framework in Frameworks */ = {isa = PBXBuildFile; fileRef = 288765FC0DF74451002DB57D /* CoreGraphics.framework */; };
		7606965A117E729A00B507D2 /* mapdata.plist in Resources */ = {isa = PBXBuildFile; fileRef = 76069659117E729A00B507D2 /* mapdata.plist */; };
		7606974A117ED3FC00B507D2 /* libxml2.dylib in Frameworks */ = {isa = PBXBuildFile; fileRef = 76069749117ED3FC00B507D2 /* libxml2.dylib */; };
		7606980411819BB000B507D2 /* buildings.plist in Resources */ = {isa = PBXBuildFile; fileRef = 7606980311819BB000B507D2 /* buildings.plist */; };
		760698D311826ED900B507D2 /* BuildingViewController.m in Sources */ = {isa = PBXBuildFile; fileRef = 760698D111826ED900B507D2 /* BuildingViewController.m */; };
		760698D411826ED900B507D2 /* BuildingViewController.xib in Resources */ = {isa = PBXBuildFile; fileRef = 760698D211826ED900B507D2 /* BuildingViewController.xib */; };
		760698D711826F7D00B507D2 /* th.jpg in Resources */ = {isa = PBXBuildFile; fileRef = 760698D611826F7D00B507D2 /* th.jpg */; };
		7606995C1182792100B507D2 /* DepartmentViewController.m in Sources */ = {isa = PBXBuildFile; fileRef = 7606995A1182792100B507D2 /* DepartmentViewController.m */; };
		7606995D1182792100B507D2 /* DepartmentViewController.xib in Resources */ = {isa = PBXBuildFile; fileRef = 7606995B1182792100B507D2 /* DepartmentViewController.xib */; };
		766FDCD611786FDA008E878A /* buildings.xml in Resources */ = {isa = PBXBuildFile; fileRef = 766FDCD511786FDA008E878A /* buildings.xml */; };
		7693ABB011312950000240A1 /* MapViewController.m in Sources */ = {isa = PBXBuildFile; fileRef = 7693ABAF11312950000240A1 /* MapViewController.m */; };
		7693ABC0113129AD000240A1 /* MapKit.framework in Frameworks */ = {isa = PBXBuildFile; fileRef = 7693ABBF113129AD000240A1 /* MapKit.framework */; };
		7693AC2E113132A3000240A1 /* Annotation.m in Sources */ = {isa = PBXBuildFile; fileRef = 7693AC2D113132A3000240A1 /* Annotation.m */; };
		7693AD161131B070000240A1 /* DDAnnotationView.m in Sources */ = {isa = PBXBuildFile; fileRef = 7693AD151131B070000240A1 /* DDAnnotationView.m */; };
		7693AD1D1131B07D000240A1 /* Pin.png in Resources */ = {isa = PBXBuildFile; fileRef = 7693AD171131B07D000240A1 /* Pin.png */; };
		7693AD1E1131B07D000240A1 /* PinDown1.png in Resources */ = {isa = PBXBuildFile; fileRef = 7693AD181131B07D000240A1 /* PinDown1.png */; };
		7693AD1F1131B07D000240A1 /* PinDown2.png in Resources */ = {isa = PBXBuildFile; fileRef = 7693AD191131B07D000240A1 /* PinDown2.png */; };
		7693AD201131B07D000240A1 /* PinDown3.png in Resources */ = {isa = PBXBuildFile; fileRef = 7693AD1A1131B07D000240A1 /* PinDown3.png */; };
		7693AD211131B07D000240A1 /* PinFloating.png in Resources */ = {isa = PBXBuildFile; fileRef = 7693AD1B1131B07D000240A1 /* PinFloating.png */; };
		7693AD221131B07D000240A1 /* PinShadow.png in Resources */ = {isa = PBXBuildFile; fileRef = 7693AD1C1131B07D000240A1 /* PinShadow.png */; };
		7693AD331131B0CA000240A1 /* QuartzCore.framework in Frameworks */ = {isa = PBXBuildFile; fileRef = 7693AD321131B0CA000240A1 /* QuartzCore.framework */; };
		FE0CB154118A8BA50054AAC4 /* Static_Campus_Map.jpg in Resources */ = {isa = PBXBuildFile; fileRef = FE0CB153118A8BA50054AAC4 /* Static_Campus_Map.jpg */; };
		FE0CB15C118A8CDD0054AAC4 /* CampusMapViewController.m in Sources */ = {isa = PBXBuildFile; fileRef = FE0CB15A118A8CDD0054AAC4 /* CampusMapViewController.m */; };
		FE0CB15D118A8CDD0054AAC4 /* CampusMapViewController.xib in Resources */ = {isa = PBXBuildFile; fileRef = FE0CB15B118A8CDD0054AAC4 /* CampusMapViewController.xib */; };
		FE6EDD9A1143040600658A4E /* MainWindow.xib in Resources */ = {isa = PBXBuildFile; fileRef = FE6EDD991143040600658A4E /* MainWindow.xib */; };
		FE8402D41189DE8E000448B7 /* WebsiteViewController.m in Sources */ = {isa = PBXBuildFile; fileRef = FE8402D21189DE8E000448B7 /* WebsiteViewController.m */; };
		FE8402D51189DE8E000448B7 /* WebsiteViewController.xib in Resources */ = {isa = PBXBuildFile; fileRef = FE8402D31189DE8E000448B7 /* WebsiteViewController.xib */; };
/* End PBXBuildFile section */

/* Begin PBXFileReference section */
		1D30AB110D05D00D00671497 /* Foundation.framework */ = {isa = PBXFileReference; lastKnownFileType = wrapper.framework; name = Foundation.framework; path = System/Library/Frameworks/Foundation.framework; sourceTree = SDKROOT; };
		1D3623240D0F684500981E51 /* MapExperimentAppDelegate.h */ = {isa = PBXFileReference; fileEncoding = 4; lastKnownFileType = sourcecode.c.h; path = MapExperimentAppDelegate.h; sourceTree = "<group>"; };
		1D3623250D0F684500981E51 /* MapExperimentAppDelegate.m */ = {isa = PBXFileReference; fileEncoding = 4; lastKnownFileType = sourcecode.c.objc; path = MapExperimentAppDelegate.m; sourceTree = "<group>"; };
		1D6058910D05DD3D006BFB54 /* MapExperiment.app */ = {isa = PBXFileReference; explicitFileType = wrapper.application; includeInIndex = 0; path = MapExperiment.app; sourceTree = BUILT_PRODUCTS_DIR; };
		1DF5F4DF0D08C38300B7A737 /* UIKit.framework */ = {isa = PBXFileReference; lastKnownFileType = wrapper.framework; name = UIKit.framework; path = System/Library/Frameworks/UIKit.framework; sourceTree = SDKROOT; };
		288765FC0DF74451002DB57D /* CoreGraphics.framework */ = {isa = PBXFileReference; lastKnownFileType = wrapper.framework; name = CoreGraphics.framework; path = System/Library/Frameworks/CoreGraphics.framework; sourceTree = SDKROOT; };
		29B97316FDCFA39411CA2CEA /* main.m */ = {isa = PBXFileReference; fileEncoding = 4; lastKnownFileType = sourcecode.c.objc; path = main.m; sourceTree = "<group>"; };
		32CA4F630368D1EE00C91783 /* MapExperiment_Prefix.pch */ = {isa = PBXFileReference; fileEncoding = 4; lastKnownFileType = sourcecode.c.h; path = MapExperiment_Prefix.pch; sourceTree = "<group>"; };
		76069659117E729A00B507D2 /* mapdata.plist */ = {isa = PBXFileReference; fileEncoding = 4; lastKnownFileType = text.plist.xml; path = mapdata.plist; sourceTree = "<group>"; };
		76069749117ED3FC00B507D2 /* libxml2.dylib */ = {isa = PBXFileReference; lastKnownFileType = "compiled.mach-o.dylib"; name = libxml2.dylib; path = usr/lib/libxml2.dylib; sourceTree = SDKROOT; };
		7606980311819BB000B507D2 /* buildings.plist */ = {isa = PBXFileReference; fileEncoding = 4; lastKnownFileType = text.plist.xml; path = buildings.plist; sourceTree = "<group>"; };
		760698D011826ED900B507D2 /* BuildingViewController.h */ = {isa = PBXFileReference; fileEncoding = 4; lastKnownFileType = sourcecode.c.h; path = BuildingViewController.h; sourceTree = "<group>"; };
		760698D111826ED900B507D2 /* BuildingViewController.m */ = {isa = PBXFileReference; fileEncoding = 4; lastKnownFileType = sourcecode.c.objc; path = BuildingViewController.m; sourceTree = "<group>"; };
		760698D211826ED900B507D2 /* BuildingViewController.xib */ = {isa = PBXFileReference; lastKnownFileType = file.xib; path = BuildingViewController.xib; sourceTree = "<group>"; };
		760698D611826F7D00B507D2 /* th.jpg */ = {isa = PBXFileReference; lastKnownFileType = image.jpeg; path = th.jpg; sourceTree = "<group>"; };
		760699591182792100B507D2 /* DepartmentViewController.h */ = {isa = PBXFileReference; fileEncoding = 4; lastKnownFileType = sourcecode.c.h; path = DepartmentViewController.h; sourceTree = "<group>"; };
		7606995A1182792100B507D2 /* DepartmentViewController.m */ = {isa = PBXFileReference; fileEncoding = 4; lastKnownFileType = sourcecode.c.objc; path = DepartmentViewController.m; sourceTree = "<group>"; };
		7606995B1182792100B507D2 /* DepartmentViewController.xib */ = {isa = PBXFileReference; lastKnownFileType = file.xib; path = DepartmentViewController.xib; sourceTree = "<group>"; };
		766FDCD511786FDA008E878A /* buildings.xml */ = {isa = PBXFileReference; fileEncoding = 4; lastKnownFileType = text.xml; path = buildings.xml; sourceTree = "<group>"; };
		7693ABAE11312950000240A1 /* MapViewController.h */ = {isa = PBXFileReference; fileEncoding = 4; lastKnownFileType = sourcecode.c.h; path = MapViewController.h; sourceTree = "<group>"; };
		7693ABAF11312950000240A1 /* MapViewController.m */ = {isa = PBXFileReference; fileEncoding = 4; lastKnownFileType = sourcecode.c.objc; path = MapViewController.m; sourceTree = "<group>"; };
		7693ABBF113129AD000240A1 /* MapKit.framework */ = {isa = PBXFileReference; lastKnownFileType = wrapper.framework; name = MapKit.framework; path = System/Library/Frameworks/MapKit.framework; sourceTree = SDKROOT; };
		7693AC2C113132A3000240A1 /* Annotation.h */ = {isa = PBXFileReference; fileEncoding = 4; lastKnownFileType = sourcecode.c.h; path = Annotation.h; sourceTree = "<group>"; };
		7693AC2D113132A3000240A1 /* Annotation.m */ = {isa = PBXFileReference; fileEncoding = 4; lastKnownFileType = sourcecode.c.objc; path = Annotation.m; sourceTree = "<group>"; };
		7693AD141131B070000240A1 /* DDAnnotationView.h */ = {isa = PBXFileReference; fileEncoding = 4; lastKnownFileType = sourcecode.c.h; path = DDAnnotationView.h; sourceTree = "<group>"; };
		7693AD151131B070000240A1 /* DDAnnotationView.m */ = {isa = PBXFileReference; fileEncoding = 4; lastKnownFileType = sourcecode.c.objc; path = DDAnnotationView.m; sourceTree = "<group>"; };
		7693AD171131B07D000240A1 /* Pin.png */ = {isa = PBXFileReference; lastKnownFileType = image.png; path = Pin.png; sourceTree = "<group>"; };
		7693AD181131B07D000240A1 /* PinDown1.png */ = {isa = PBXFileReference; lastKnownFileType = image.png; path = PinDown1.png; sourceTree = "<group>"; };
		7693AD191131B07D000240A1 /* PinDown2.png */ = {isa = PBXFileReference; lastKnownFileType = image.png; path = PinDown2.png; sourceTree = "<group>"; };
		7693AD1A1131B07D000240A1 /* PinDown3.png */ = {isa = PBXFileReference; lastKnownFileType = image.png; path = PinDown3.png; sourceTree = "<group>"; };
		7693AD1B1131B07D000240A1 /* PinFloating.png */ = {isa = PBXFileReference; lastKnownFileType = image.png; path = PinFloating.png; sourceTree = "<group>"; };
		7693AD1C1131B07D000240A1 /* PinShadow.png */ = {isa = PBXFileReference; lastKnownFileType = image.png; path = PinShadow.png; sourceTree = "<group>"; };
		7693AD321131B0CA000240A1 /* QuartzCore.framework */ = {isa = PBXFileReference; lastKnownFileType = wrapper.framework; name = QuartzCore.framework; path = System/Library/Frameworks/QuartzCore.framework; sourceTree = SDKROOT; };
		8D1107310486CEB800E47090 /* MapExperiment-Info.plist */ = {isa = PBXFileReference; fileEncoding = 4; lastKnownFileType = text.plist.xml; path = "MapExperiment-Info.plist"; plistStructureDefinitionIdentifier = "com.apple.xcode.plist.structure-definition.iphone.info-plist"; sourceTree = "<group>"; };
		FE0CB153118A8BA50054AAC4 /* Static_Campus_Map.jpg */ = {isa = PBXFileReference; lastKnownFileType = image.jpeg; path = Static_Campus_Map.jpg; sourceTree = "<group>"; };
		FE0CB159118A8CDD0054AAC4 /* CampusMapViewController.h */ = {isa = PBXFileReference; fileEncoding = 4; lastKnownFileType = sourcecode.c.h; path = CampusMapViewController.h; sourceTree = "<group>"; };
		FE0CB15A118A8CDD0054AAC4 /* CampusMapViewController.m */ = {isa = PBXFileReference; fileEncoding = 4; lastKnownFileType = sourcecode.c.objc; path = CampusMapViewController.m; sourceTree = "<group>"; };
		FE0CB15B118A8CDD0054AAC4 /* CampusMapViewController.xib */ = {isa = PBXFileReference; lastKnownFileType = file.xib; path = CampusMapViewController.xib; sourceTree = "<group>"; };
		FE6EDD991143040600658A4E /* MainWindow.xib */ = {isa = PBXFileReference; lastKnownFileType = file.xib; path = MainWindow.xib; sourceTree = "<group>"; };
		FE8402D11189DE8D000448B7 /* WebsiteViewController.h */ = {isa = PBXFileReference; fileEncoding = 4; lastKnownFileType = sourcecode.c.h; path = WebsiteViewController.h; sourceTree = "<group>"; };
		FE8402D21189DE8E000448B7 /* WebsiteViewController.m */ = {isa = PBXFileReference; fileEncoding = 4; lastKnownFileType = sourcecode.c.objc; path = WebsiteViewController.m; sourceTree = "<group>"; };
		FE8402D31189DE8E000448B7 /* WebsiteViewController.xib */ = {isa = PBXFileReference; lastKnownFileType = file.xib; path = WebsiteViewController.xib; sourceTree = "<group>"; };
/* End PBXFileReference section */

/* Begin PBXFrameworksBuildPhase section */
		1D60588F0D05DD3D006BFB54 /* Frameworks */ = {
			isa = PBXFrameworksBuildPhase;
			buildActionMask = 2147483647;
			files = (
				1D60589F0D05DD5A006BFB54 /* Foundation.framework in Frameworks */,
				1DF5F4E00D08C38300B7A737 /* UIKit.framework in Frameworks */,
				288765FD0DF74451002DB57D /* CoreGraphics.framework in Frameworks */,
				7693ABC0113129AD000240A1 /* MapKit.framework in Frameworks */,
				7693AD331131B0CA000240A1 /* QuartzCore.framework in Frameworks */,
				7606974A117ED3FC00B507D2 /* libxml2.dylib in Frameworks */,
			);
			runOnlyForDeploymentPostprocessing = 0;
		};
/* End PBXFrameworksBuildPhase section */

/* Begin PBXGroup section */
		080E96DDFE201D6D7F000001 /* Classes */ = {
			isa = PBXGroup;
			children = (
				7606995E1182792800B507D2 /* ViewControllers */,
				1D3623240D0F684500981E51 /* MapExperimentAppDelegate.h */,
				1D3623250D0F684500981E51 /* MapExperimentAppDelegate.m */,
				7693AC2C113132A3000240A1 /* Annotation.h */,
				7693AC2D113132A3000240A1 /* Annotation.m */,
				7693AD141131B070000240A1 /* DDAnnotationView.h */,
				7693AD151131B070000240A1 /* DDAnnotationView.m */,
			);
			path = Classes;
			sourceTree = "<group>";
		};
		19C28FACFE9D520D11CA2CBB /* Products */ = {
			isa = PBXGroup;
			children = (
				1D6058910D05DD3D006BFB54 /* MapExperiment.app */,
			);
			name = Products;
			sourceTree = "<group>";
		};
		29B97314FDCFA39411CA2CEA /* CustomTemplate */ = {
			isa = PBXGroup;
			children = (
				080E96DDFE201D6D7F000001 /* Classes */,
				29B97315FDCFA39411CA2CEA /* Other Sources */,
				29B97317FDCFA39411CA2CEA /* Resources */,
				29B97323FDCFA39411CA2CEA /* Frameworks */,
				19C28FACFE9D520D11CA2CBB /* Products */,
			);
			name = CustomTemplate;
			sourceTree = "<group>";
		};
		29B97315FDCFA39411CA2CEA /* Other Sources */ = {
			isa = PBXGroup;
			children = (
				32CA4F630368D1EE00C91783 /* MapExperiment_Prefix.pch */,
				29B97316FDCFA39411CA2CEA /* main.m */,
			);
			name = "Other Sources";
			sourceTree = "<group>";
		};
		29B97317FDCFA39411CA2CEA /* Resources */ = {
			isa = PBXGroup;
			children = (
				FE0CB153118A8BA50054AAC4 /* Static_Campus_Map.jpg */,
				7606980311819BB000B507D2 /* buildings.plist */,
				760698D611826F7D00B507D2 /* th.jpg */,
				76069659117E729A00B507D2 /* mapdata.plist */,
				766FDCD511786FDA008E878A /* buildings.xml */,
				FE6EDD991143040600658A4E /* MainWindow.xib */,
				7693AD171131B07D000240A1 /* Pin.png */,
				7693AD181131B07D000240A1 /* PinDown1.png */,
				7693AD191131B07D000240A1 /* PinDown2.png */,
				7693AD1A1131B07D000240A1 /* PinDown3.png */,
				7693AD1B1131B07D000240A1 /* PinFloating.png */,
				7693AD1C1131B07D000240A1 /* PinShadow.png */,
				8D1107310486CEB800E47090 /* MapExperiment-Info.plist */,
			);
			name = Resources;
			sourceTree = "<group>";
		};
		29B97323FDCFA39411CA2CEA /* Frameworks */ = {
			isa = PBXGroup;
			children = (
				1DF5F4DF0D08C38300B7A737 /* UIKit.framework */,
				1D30AB110D05D00D00671497 /* Foundation.framework */,
				288765FC0DF74451002DB57D /* CoreGraphics.framework */,
				7693ABBF113129AD000240A1 /* MapKit.framework */,
				7693AD321131B0CA000240A1 /* QuartzCore.framework */,
				76069749117ED3FC00B507D2 /* libxml2.dylib */,
			);
			name = Frameworks;
			sourceTree = "<group>";
		};
		7606995E1182792800B507D2 /* ViewControllers */ = {
			isa = PBXGroup;
			children = (
				7693ABAE11312950000240A1 /* MapViewController.h */,
				7693ABAF11312950000240A1 /* MapViewController.m */,
				760698D011826ED900B507D2 /* BuildingViewController.h */,
				760698D111826ED900B507D2 /* BuildingViewController.m */,
				760698D211826ED900B507D2 /* BuildingViewController.xib */,
				760699591182792100B507D2 /* DepartmentViewController.h */,
				7606995A1182792100B507D2 /* DepartmentViewController.m */,
				7606995B1182792100B507D2 /* DepartmentViewController.xib */,
				FE8402D11189DE8D000448B7 /* WebsiteViewController.h */,
				FE8402D21189DE8E000448B7 /* WebsiteViewController.m */,
				FE8402D31189DE8E000448B7 /* WebsiteViewController.xib */,
				FE0CB159118A8CDD0054AAC4 /* CampusMapViewController.h */,
				FE0CB15A118A8CDD0054AAC4 /* CampusMapViewController.m */,
				FE0CB15B118A8CDD0054AAC4 /* CampusMapViewController.xib */,
			);
			name = ViewControllers;
			sourceTree = "<group>";
		};
/* End PBXGroup section */

/* Begin PBXNativeTarget section */
		1D6058900D05DD3D006BFB54 /* MapExperiment */ = {
			isa = PBXNativeTarget;
			buildConfigurationList = 1D6058960D05DD3E006BFB54 /* Build configuration list for PBXNativeTarget "MapExperiment" */;
			buildPhases = (
				1D60588D0D05DD3D006BFB54 /* Resources */,
				1D60588E0D05DD3D006BFB54 /* Sources */,
				1D60588F0D05DD3D006BFB54 /* Frameworks */,
			);
			buildRules = (
			);
			dependencies = (
			);
			name = MapExperiment;
			productName = MapExperiment;
			productReference = 1D6058910D05DD3D006BFB54 /* MapExperiment.app */;
			productType = "com.apple.product-type.application";
		};
/* End PBXNativeTarget section */

/* Begin PBXProject section */
		29B97313FDCFA39411CA2CEA /* Project object */ = {
			isa = PBXProject;
			buildConfigurationList = C01FCF4E08A954540054247B /* Build configuration list for PBXProject "MapExperiment" */;
			compatibilityVersion = "Xcode 3.1";
			developmentRegion = English;
			hasScannedForEncodings = 1;
			knownRegions = (
				en,
			);
			mainGroup = 29B97314FDCFA39411CA2CEA /* CustomTemplate */;
			projectDirPath = "";
			projectRoot = "";
			targets = (
				1D6058900D05DD3D006BFB54 /* MapExperiment */,
			);
		};
/* End PBXProject section */

/* Begin PBXResourcesBuildPhase section */
		1D60588D0D05DD3D006BFB54 /* Resources */ = {
			isa = PBXResourcesBuildPhase;
			buildActionMask = 2147483647;
			files = (
				7693AD1D1131B07D000240A1 /* Pin.png in Resources */,
				7693AD1E1131B07D000240A1 /* PinDown1.png in Resources */,
				7693AD1F1131B07D000240A1 /* PinDown2.png in Resources */,
				7693AD201131B07D000240A1 /* PinDown3.png in Resources */,
				7693AD211131B07D000240A1 /* PinFloating.png in Resources */,
				7693AD221131B07D000240A1 /* PinShadow.png in Resources */,
				FE6EDD9A1143040600658A4E /* MainWindow.xib in Resources */,
				766FDCD611786FDA008E878A /* buildings.xml in Resources */,
				7606965A117E729A00B507D2 /* mapdata.plist in Resources */,
				7606980411819BB000B507D2 /* buildings.plist in Resources */,
				760698D411826ED900B507D2 /* BuildingViewController.xib in Resources */,
				760698D711826F7D00B507D2 /* th.jpg in Resources */,
				7606995D1182792100B507D2 /* DepartmentViewController.xib in Resources */,
				FE8402D51189DE8E000448B7 /* WebsiteViewController.xib in Resources */,
				FE0CB154118A8BA50054AAC4 /* Static_Campus_Map.jpg in Resources */,
				FE0CB15D118A8CDD0054AAC4 /* CampusMapViewController.xib in Resources */,
			);
			runOnlyForDeploymentPostprocessing = 0;
		};
/* End PBXResourcesBuildPhase section */

/* Begin PBXSourcesBuildPhase section */
		1D60588E0D05DD3D006BFB54 /* Sources */ = {
			isa = PBXSourcesBuildPhase;
			buildActionMask = 2147483647;
			files = (
				1D60589B0D05DD56006BFB54 /* main.m in Sources */,
				1D3623260D0F684500981E51 /* MapExperimentAppDelegate.m in Sources */,
				7693ABB011312950000240A1 /* MapViewController.m in Sources */,
				7693AC2E113132A3000240A1 /* Annotation.m in Sources */,
				7693AD161131B070000240A1 /* DDAnnotationView.m in Sources */,
				760698D311826ED900B507D2 /* BuildingViewController.m in Sources */,
				7606995C1182792100B507D2 /* DepartmentViewController.m in Sources */,
				FE8402D41189DE8E000448B7 /* WebsiteViewController.m in Sources */,
				FE0CB15C118A8CDD0054AAC4 /* CampusMapViewController.m in Sources */,
			);
			runOnlyForDeploymentPostprocessing = 0;
		};
/* End PBXSourcesBuildPhase section */

/* Begin XCBuildConfiguration section */
		1D6058940D05DD3E006BFB54 /* Debug */ = {
			isa = XCBuildConfiguration;
			buildSettings = {
				ALWAYS_SEARCH_USER_PATHS = NO;
				COPY_PHASE_STRIP = NO;
				GCC_DYNAMIC_NO_PIC = NO;
				GCC_OPTIMIZATION_LEVEL = 0;
				GCC_PRECOMPILE_PREFIX_HEADER = YES;
				GCC_PREFIX_HEADER = MapExperiment_Prefix.pch;
				INFOPLIST_FILE = "MapExperiment-Info.plist";
				PRODUCT_NAME = MapExperiment;
			};
			name = Debug;
		};
		1D6058950D05DD3E006BFB54 /* Release */ = {
			isa = XCBuildConfiguration;
			buildSettings = {
				ALWAYS_SEARCH_USER_PATHS = NO;
				COPY_PHASE_STRIP = YES;
				GCC_PRECOMPILE_PREFIX_HEADER = YES;
				GCC_PREFIX_HEADER = MapExperiment_Prefix.pch;
				INFOPLIST_FILE = "MapExperiment-Info.plist";
				PRODUCT_NAME = MapExperiment;
				VALIDATE_PRODUCT = YES;
			};
			name = Release;
		};
		C01FCF4F08A954540054247B /* Debug */ = {
			isa = XCBuildConfiguration;
			buildSettings = {
				ARCHS = "$(ARCHS_STANDARD_32_BIT)";
				"CODE_SIGN_IDENTITY[sdk=iphoneos*]" = "iPhone Developer";
				GCC_C_LANGUAGE_STANDARD = c99;
				GCC_PREPROCESSOR_DEFINITIONS = "DEBUG=1";
				GCC_WARN_ABOUT_RETURN_TYPE = YES;
				GCC_WARN_UNUSED_VARIABLE = YES;
				HEADER_SEARCH_PATHS = "/usr/include/libxml2/**";
				PREBINDING = NO;
				SDKROOT = iphoneos3.1.2;
			};
			name = Debug;
		};
		C01FCF5008A954540054247B /* Release */ = {
			isa = XCBuildConfiguration;
			buildSettings = {
				ARCHS = "$(ARCHS_STANDARD_32_BIT)";
				"CODE_SIGN_IDENTITY[sdk=iphoneos*]" = "iPhone Developer";
				GCC_C_LANGUAGE_STANDARD = c99;
				GCC_WARN_ABOUT_RETURN_TYPE = YES;
				GCC_WARN_UNUSED_VARIABLE = YES;
				HEADER_SEARCH_PATHS = "/usr/include/libxml2/**";
				PREBINDING = NO;
				SDKROOT = iphoneos3.2;
			};
			name = Release;
		};
/* End XCBuildConfiguration section */

/* Begin XCConfigurationList section */
		1D6058960D05DD3E006BFB54 /* Build configuration list for PBXNativeTarget "MapExperiment" */ = {
			isa = XCConfigurationList;
			buildConfigurations = (
				1D6058940D05DD3E006BFB54 /* Debug */,
				1D6058950D05DD3E006BFB54 /* Release */,
			);
			defaultConfigurationIsVisible = 0;
			defaultConfigurationName = Release;
		};
		C01FCF4E08A954540054247B /* Build configuration list for PBXProject "MapExperiment" */ = {
			isa = XCConfigurationList;
			buildConfigurations = (
				C01FCF4F08A954540054247B /* Debug */,
				C01FCF5008A954540054247B /* Release */,
			);
			defaultConfigurationIsVisible = 0;
			defaultConfigurationName = Release;
		};
/* End XCConfigurationList section */
	};
	rootObject = 29B97313FDCFA39411CA2CEA /* Project object */;
}
